// !$*UTF8*$!
{
	archiveVersion = 1;
	classes = {
	};
	objectVersion = 46;
	objects = {

/* Begin PBXBuildFile section */
		27CC91691A2F6D68007B728E /* main.m in Sources */ = {isa = PBXBuildFile; fileRef = 27CC91681A2F6D68007B728E /* main.m */; };
		27CC916C1A2F6D68007B728E /* AppDelegate.m in Sources */ = {isa = PBXBuildFile; fileRef = 27CC916B1A2F6D68007B728E /* AppDelegate.m */; };
		27CC916F1A2F6D68007B728E /* ViewController.m in Sources */ = {isa = PBXBuildFile; fileRef = 27CC916E1A2F6D68007B728E /* ViewController.m */; };
		27CC91721A2F6D68007B728E /* Main.storyboard in Resources */ = {isa = PBXBuildFile; fileRef = 27CC91701A2F6D68007B728E /* Main.storyboard */; };
		27CC91741A2F6D68007B728E /* Images.xcassets in Resources */ = {isa = PBXBuildFile; fileRef = 27CC91731A2F6D68007B728E /* Images.xcassets */; };
		27CC91771A2F6D68007B728E /* LaunchScreen.xib in Resources */ = {isa = PBXBuildFile; fileRef = 27CC91751A2F6D68007B728E /* LaunchScreen.xib */; };
		27CC91831A2F6D68007B728E /* DrawTriangleTests.m in Sources */ = {isa = PBXBuildFile; fileRef = 27CC91821A2F6D68007B728E /* DrawTriangleTests.m */; };
		27CC918E1A2F6D8D007B728E /* TriangleView.m in Sources */ = {isa = PBXBuildFile; fileRef = 27CC918D1A2F6D8D007B728E /* TriangleView.m */; };
		27CC91911A2FD5B5007B728E /* TrianglePart.m in Sources */ = {isa = PBXBuildFile; fileRef = 27CC91901A2FD5B5007B728E /* TrianglePart.m */; };
/* End PBXBuildFile section */

/* Begin PBXContainerItemProxy section */
		27CC917D1A2F6D68007B728E /* PBXContainerItemProxy */ = {
			isa = PBXContainerItemProxy;
			containerPortal = 27CC915B1A2F6D68007B728E /* Project object */;
			proxyType = 1;
			remoteGlobalIDString = 27CC91621A2F6D68007B728E;
			remoteInfo = DrawTriangle;
		};
/* End PBXContainerItemProxy section */

/* Begin PBXFileReference section */
		27CC91631A2F6D68007B728E /* DrawTriangle.app */ = {isa = PBXFileReference; explicitFileType = wrapper.application; includeInIndex = 0; path = DrawTriangle.app; sourceTree = BUILT_PRODUCTS_DIR; };
		27CC91671A2F6D68007B728E /* Info.plist */ = {isa = PBXFileReference; lastKnownFileType = text.plist.xml; path = Info.plist; sourceTree = "<group>"; };
		27CC91681A2F6D68007B728E /* main.m */ = {isa = PBXFileReference; lastKnownFileType = sourcecode.c.objc; path = main.m; sourceTree = "<group>"; };
		27CC916A1A2F6D68007B728E /* AppDelegate.h */ = {isa = PBXFileReference; lastKnownFileType = sourcecode.c.h; path = AppDelegate.h; sourceTree = "<group>"; };
		27CC916B1A2F6D68007B728E /* AppDelegate.m */ = {isa = PBXFileReference; lastKnownFileType = sourcecode.c.objc; path = AppDelegate.m; sourceTree = "<group>"; };
		27CC916D1A2F6D68007B728E /* ViewController.h */ = {isa = PBXFileReference; lastKnownFileType = sourcecode.c.h; path = ViewController.h; sourceTree = "<group>"; };
		27CC916E1A2F6D68007B728E /* ViewController.m */ = {isa = PBXFileReference; lastKnownFileType = sourcecode.c.objc; path = ViewController.m; sourceTree = "<group>"; };
		27CC91711A2F6D68007B728E /* Base */ = {isa = PBXFileReference; lastKnownFileType = file.storyboard; name = Base; path = Base.lproj/Main.storyboard; sourceTree = "<group>"; };
		27CC91731A2F6D68007B728E /* Images.xcassets */ = {isa = PBXFileReference; lastKnownFileType = folder.assetcatalog; path = Images.xcassets; sourceTree = "<group>"; };
		27CC91761A2F6D68007B728E /* Base */ = {isa = PBXFileReference; lastKnownFileType = file.xib; name = Base; path = Base.lproj/LaunchScreen.xib; sourceTree = "<group>"; };
		27CC917C1A2F6D68007B728E /* DrawTriangleTests.xctest */ = {isa = PBXFileReference; explicitFileType = wrapper.cfbundle; includeInIndex = 0; path = DrawTriangleTests.xctest; sourceTree = BUILT_PRODUCTS_DIR; };
		27CC91811A2F6D68007B728E /* Info.plist */ = {isa = PBXFileReference; lastKnownFileType = text.plist.xml; path = Info.plist; sourceTree = "<group>"; };
		27CC91821A2F6D68007B728E /* DrawTriangleTests.m */ = {isa = PBXFileReference; lastKnownFileType = sourcecode.c.objc; path = DrawTriangleTests.m; sourceTree = "<group>"; };
		27CC918C1A2F6D8D007B728E /* TriangleView.h */ = {isa = PBXFileReference; fileEncoding = 4; lastKnownFileType = sourcecode.c.h; path = TriangleView.h; sourceTree = "<group>"; };
		27CC918D1A2F6D8D007B728E /* TriangleView.m */ = {isa = PBXFileReference; fileEncoding = 4; lastKnownFileType = sourcecode.c.objc; path = TriangleView.m; sourceTree = "<group>"; };
		27CC918F1A2FD5B5007B728E /* TrianglePart.h */ = {isa = PBXFileReference; fileEncoding = 4; lastKnownFileType = sourcecode.c.h; path = TrianglePart.h; sourceTree = "<group>"; };
		27CC91901A2FD5B5007B728E /* TrianglePart.m */ = {isa = PBXFileReference; fileEncoding = 4; lastKnownFileType = sourcecode.c.objc; path = TrianglePart.m; sourceTree = "<group>"; };
/* End PBXFileReference section */

/* Begin PBXFrameworksBuildPhase section */
		27CC91601A2F6D68007B728E /* Frameworks */ = {
			isa = PBXFrameworksBuildPhase;
			buildActionMask = 2147483647;
			files = (
			);
			runOnlyForDeploymentPostprocessing = 0;
		};
		27CC91791A2F6D68007B728E /* Frameworks */ = {
			isa = PBXFrameworksBuildPhase;
			buildActionMask = 2147483647;
			files = (
			);
			runOnlyForDeploymentPostprocessing = 0;
		};
/* End PBXFrameworksBuildPhase section */

/* Begin PBXGroup section */
		27CC915A1A2F6D68007B728E = {
			isa = PBXGroup;
			children = (
				27CC91651A2F6D68007B728E /* DrawTriangle */,
				27CC917F1A2F6D68007B728E /* DrawTriangleTests */,
				27CC91641A2F6D68007B728E /* Products */,
			);
			sourceTree = "<group>";
		};
		27CC91641A2F6D68007B728E /* Products */ = {
			isa = PBXGroup;
			children = (
				27CC91631A2F6D68007B728E /* DrawTriangle.app */,
				27CC917C1A2F6D68007B728E /* DrawTriangleTests.xctest */,
			);
			name = Products;
			sourceTree = "<group>";
		};
		27CC91651A2F6D68007B728E /* DrawTriangle */ = {
			isa = PBXGroup;
			children = (
				27CC916A1A2F6D68007B728E /* AppDelegate.h */,
				27CC916B1A2F6D68007B728E /* AppDelegate.m */,
				27CC916D1A2F6D68007B728E /* ViewController.h */,
				27CC916E1A2F6D68007B728E /* ViewController.m */,
				27CC918F1A2FD5B5007B728E /* TrianglePart.h */,
				27CC91901A2FD5B5007B728E /* TrianglePart.m */,
				27CC918C1A2F6D8D007B728E /* TriangleView.h */,
				27CC918D1A2F6D8D007B728E /* TriangleView.m */,
				27CC91701A2F6D68007B728E /* Main.storyboard */,
				27CC91731A2F6D68007B728E /* Images.xcassets */,
				27CC91751A2F6D68007B728E /* LaunchScreen.xib */,
				27CC91661A2F6D68007B728E /* Supporting Files */,
			);
			path = DrawTriangle;
			sourceTree = "<group>";
		};
		27CC91661A2F6D68007B728E /* Supporting Files */ = {
			isa = PBXGroup;
			children = (
				27CC91671A2F6D68007B728E /* Info.plist */,
				27CC91681A2F6D68007B728E /* main.m */,
			);
			name = "Supporting Files";
			sourceTree = "<group>";
		};
		27CC917F1A2F6D68007B728E /* DrawTriangleTests */ = {
			isa = PBXGroup;
			children = (
				27CC91821A2F6D68007B728E /* DrawTriangleTests.m */,
				27CC91801A2F6D68007B728E /* Supporting Files */,
			);
			path = DrawTriangleTests;
			sourceTree = "<group>";
		};
		27CC91801A2F6D68007B728E /* Supporting Files */ = {
			isa = PBXGroup;
			children = (
				27CC91811A2F6D68007B728E /* Info.plist */,
			);
			name = "Supporting Files";
			sourceTree = "<group>";
		};
/* End PBXGroup section */

/* Begin PBXNativeTarget section */
		27CC91621A2F6D68007B728E /* DrawTriangle */ = {
			isa = PBXNativeTarget;
			buildConfigurationList = 27CC91861A2F6D68007B728E /* Build configuration list for PBXNativeTarget "DrawTriangle" */;
			buildPhases = (
				27CC915F1A2F6D68007B728E /* Sources */,
				27CC91601A2F6D68007B728E /* Frameworks */,
				27CC91611A2F6D68007B728E /* Resources */,
			);
			buildRules = (
			);
			dependencies = (
			);
			name = DrawTriangle;
			productName = DrawTriangle;
			productReference = 27CC91631A2F6D68007B728E /* DrawTriangle.app */;
			productType = "com.apple.product-type.application";
		};
		27CC917B1A2F6D68007B728E /* DrawTriangleTests */ = {
			isa = PBXNativeTarget;
			buildConfigurationList = 27CC91891A2F6D68007B728E /* Build configuration list for PBXNativeTarget "DrawTriangleTests" */;
			buildPhases = (
				27CC91781A2F6D68007B728E /* Sources */,
				27CC91791A2F6D68007B728E /* Frameworks */,
				27CC917A1A2F6D68007B728E /* Resources */,
			);
			buildRules = (
			);
			dependencies = (
				27CC917E1A2F6D68007B728E /* PBXTargetDependency */,
			);
			name = DrawTriangleTests;
			productName = DrawTriangleTests;
			productReference = 27CC917C1A2F6D68007B728E /* DrawTriangleTests.xctest */;
			productType = "com.apple.product-type.bundle.unit-test";
		};
/* End PBXNativeTarget section */

/* Begin PBXProject section */
		27CC915B1A2F6D68007B728E /* Project object */ = {
			isa = PBXProject;
			attributes = {
				LastUpgradeCheck = 0610;
				ORGANIZATIONNAME = Apptivity;
				TargetAttributes = {
					27CC91621A2F6D68007B728E = {
						CreatedOnToolsVersion = 6.1.1;
					};
					27CC917B1A2F6D68007B728E = {
						CreatedOnToolsVersion = 6.1.1;
						TestTargetID = 27CC91621A2F6D68007B728E;
					};
				};
			};
			buildConfigurationList = 27CC915E1A2F6D68007B728E /* Build configuration list for PBXProject "DrawTriangle" */;
			compatibilityVersion = "Xcode 3.2";
			developmentRegion = English;
			hasScannedForEncodings = 0;
			knownRegions = (
				en,
				Base,
			);
			mainGroup = 27CC915A1A2F6D68007B728E;
			productRefGroup = 27CC91641A2F6D68007B728E /* Products */;
			projectDirPath = "";
			projectRoot = "";
			targets = (
				27CC91621A2F6D68007B728E /* DrawTriangle */,
				27CC917B1A2F6D68007B728E /* DrawTriangleTests */,
			);
		};
/* End PBXProject section */

/* Begin PBXResourcesBuildPhase section */
		27CC91611A2F6D68007B728E /* Resources */ = {
			isa = PBXResourcesBuildPhase;
			buildActionMask = 2147483647;
			files = (
				27CC91721A2F6D68007B728E /* Main.storyboard in Resources */,
				27CC91771A2F6D68007B728E /* LaunchScreen.xib in Resources */,
				27CC91741A2F6D68007B728E /* Images.xcassets in Resources */,
			);
			runOnlyForDeploymentPostprocessing = 0;
		};
		27CC917A1A2F6D68007B728E /* Resources */ = {
			isa = PBXResourcesBuildPhase;
			buildActionMask = 2147483647;
			files = (
			);
			runOnlyForDeploymentPostprocessing = 0;
		};
/* End PBXResourcesBuildPhase section */

/* Begin PBXSourcesBuildPhase section */
		27CC915F1A2F6D68007B728E /* Sources */ = {
			isa = PBXSourcesBuildPhase;
			buildActionMask = 2147483647;
			files = (
				27CC916F1A2F6D68007B728E /* ViewController.m in Sources */,
				27CC916C1A2F6D68007B728E /* AppDelegate.m in Sources */,
				27CC91911A2FD5B5007B728E /* TrianglePart.m in Sources */,
				27CC918E1A2F6D8D007B728E /* TriangleView.m in Sources */,
				27CC91691A2F6D68007B728E /* main.m in Sources */,
			);
			runOnlyForDeploymentPostprocessing = 0;
		};
		27CC91781A2F6D68007B728E /* Sources */ = {
			isa = PBXSourcesBuildPhase;
			buildActionMask = 2147483647;
			files = (
				27CC91831A2F6D68007B728E /* DrawTriangleTests.m in Sources */,
			);
			runOnlyForDeploymentPostprocessing = 0;
		};
/* End PBXSourcesBuildPhase section */

/* Begin PBXTargetDependency section */
		27CC917E1A2F6D68007B728E /* PBXTargetDependency */ = {
			isa = PBXTargetDependency;
			target = 27CC91621A2F6D68007B728E /* DrawTriangle */;
			targetProxy = 27CC917D1A2F6D68007B728E /* PBXContainerItemProxy */;
		};
/* End PBXTargetDependency section */

/* Begin PBXVariantGroup section */
		27CC91701A2F6D68007B728E /* Main.storyboard */ = {
			isa = PBXVariantGroup;
			children = (
				27CC91711A2F6D68007B728E /* Base */,
			);
			name = Main.storyboard;
			sourceTree = "<group>";
		};
		27CC91751A2F6D68007B728E /* LaunchScreen.xib */ = {
			isa = PBXVariantGroup;
			children = (
				27CC91761A2F6D68007B728E /* Base */,
			);
			name = LaunchScreen.xib;
			sourceTree = "<group>";
		};
/* End PBXVariantGroup section */

/* Begin XCBuildConfiguration section */
		27CC91841A2F6D68007B728E /* Debug */ = {
			isa = XCBuildConfiguration;
			buildSettings = {
				ALWAYS_SEARCH_USER_PATHS = NO;
				CLANG_CXX_LANGUAGE_STANDARD = "gnu++0x";
				CLANG_CXX_LIBRARY = "libc++";
				CLANG_ENABLE_MODULES = YES;
				CLANG_ENABLE_OBJC_ARC = YES;
				CLANG_WARN_BOOL_CONVERSION = YES;
				CLANG_WARN_CONSTANT_CONVERSION = YES;
				CLANG_WARN_DIRECT_OBJC_ISA_USAGE = YES_ERROR;
				CLANG_WARN_EMPTY_BODY = YES;
				CLANG_WARN_ENUM_CONVERSION = YES;
				CLANG_WARN_INT_CONVERSION = YES;
				CLANG_WARN_OBJC_ROOT_CLASS = YES_ERROR;
				CLANG_WARN_UNREACHABLE_CODE = YES;
				CLANG_WARN__DUPLICATE_METHOD_MATCH = YES;
				"CODE_SIGN_IDENTITY[sdk=iphoneos*]" = "iPhone Developer";
				COPY_PHASE_STRIP = NO;
				ENABLE_STRICT_OBJC_MSGSEND = YES;
				GCC_C_LANGUAGE_STANDARD = gnu99;
				GCC_DYNAMIC_NO_PIC = NO;
				GCC_OPTIMIZATION_LEVEL = 0;
				GCC_PREPROCESSOR_DEFINITIONS = (
					"DEBUG=1",
					"$(inherited)",
				);
				GCC_SYMBOLS_PRIVATE_EXTERN = NO;
				GCC_WARN_64_TO_32_BIT_CONVERSION = YES;
				GCC_WARN_ABOUT_RETURN_TYPE = YES_ERROR;
				GCC_WARN_UNDECLARED_SELECTOR = YES;
				GCC_WARN_UNINITIALIZED_AUTOS = YES_AGGRESSIVE;
				GCC_WARN_UNUSED_FUNCTION = YES;
				GCC_WARN_UNUSED_VARIABLE = YES;
				IPHONEOS_DEPLOYMENT_TARGET = 8.1;
				MTL_ENABLE_DEBUG_INFO = YES;
				ONLY_ACTIVE_ARCH = YES;
				SDKROOT = iphoneos;
				TARGETED_DEVICE_FAMILY = "1,2";
			};
			name = Debug;
		};
		27CC91851A2F6D68007B728E /* Release */ = {
			isa = XCBuildConfiguration;
			buildSettings = {
				ALWAYS_SEARCH_USER_PATHS = NO;
				CLANG_CXX_LANGUAGE_STANDARD = "gnu++0x";
				CLANG_CXX_LIBRARY = "libc++";
				CLANG_ENABLE_MODULES = YES;
				CLANG_ENABLE_OBJC_ARC = YES;
				CLANG_WARN_BOOL_CONVERSION = YES;
				CLANG_WARN_CONSTANT_CONVERSION = YES;
				CLANG_WARN_DIRECT_OBJC_ISA_USAGE = YES_ERROR;
				CLANG_WARN_EMPTY_BODY = YES;
				CLANG_WARN_ENUM_CONVERSION = YES;
				CLANG_WARN_INT_CONVERSION = YES;
				CLANG_WARN_OBJC_ROOT_CLASS = YES_ERROR;
				CLANG_WARN_UNREACHABLE_CODE = YES;
				CLANG_WARN__DUPLICATE_METHOD_MATCH = YES;
				"CODE_SIGN_IDENTITY[sdk=iphoneos*]" = "iPhone Developer";
				COPY_PHASE_STRIP = YES;
				ENABLE_NS_ASSERTIONS = NO;
				ENABLE_STRICT_OBJC_MSGSEND = YES;
				GCC_C_LANGUAGE_STANDARD = gnu99;
				GCC_WARN_64_TO_32_BIT_CONVERSION = YES;
				GCC_WARN_ABOUT_RETURN_TYPE = YES_ERROR;
				GCC_WARN_UNDECLARED_SELECTOR = YES;
				GCC_WARN_UNINITIALIZED_AUTOS = YES_AGGRESSIVE;
				GCC_WARN_UNUSED_FUNCTION = YES;
				GCC_WARN_UNUSED_VARIABLE = YES;
				IPHONEOS_DEPLOYMENT_TARGET = 8.1;
				MTL_ENABLE_DEBUG_INFO = NO;
				SDKROOT = iphoneos;
				TARGETED_DEVICE_FAMILY = "1,2";
				VALIDATE_PRODUCT = YES;
			};
			name = Release;
		};
		27CC91871A2F6D68007B728E /* Debug */ = {
			isa = XCBuildConfiguration;
			buildSettings = {
				ASSETCATALOG_COMPILER_APPICON_NAME = AppIcon;
				INFOPLIST_FILE = DrawTriangle/Info.plist;
				LD_RUNPATH_SEARCH_PATHS = "$(inherited) @executable_path/Frameworks";
				PRODUCT_NAME = "$(TARGET_NAME)";
			};
			name = Debug;
		};
		27CC91881A2F6D68007B728E /* Release */ = {
			isa = XCBuildConfiguration;
			buildSettings = {
				ASSETCATALOG_COMPILER_APPICON_NAME = AppIcon;
				INFOPLIST_FILE = DrawTriangle/Info.plist;
				LD_RUNPATH_SEARCH_PATHS = "$(inherited) @executable_path/Frameworks";
				PRODUCT_NAME = "$(TARGET_NAME)";
			};
			name = Release;
		};
		27CC918A1A2F6D68007B728E /* Debug */ = {
			isa = XCBuildConfiguration;
			buildSettings = {
				BUNDLE_LOADER = "$(TEST_HOST)";
				FRAMEWORK_SEARCH_PATHS = (
					"$(SDKROOT)/Developer/Library/Frameworks",
					"$(inherited)",
				);
				GCC_PREPROCESSOR_DEFINITIONS = (
					"DEBUG=1",
					"$(inherited)",
				);
				INFOPLIST_FILE = DrawTriangleTests/Info.plist;
				LD_RUNPATH_SEARCH_PATHS = "$(inherited) @executable_path/Frameworks @loader_path/Frameworks";
				PRODUCT_NAME = "$(TARGET_NAME)";
				TEST_HOST = "$(BUILT_PRODUCTS_DIR)/DrawTriangle.app/DrawTriangle";
			};
			name = Debug;
		};
		27CC918B1A2F6D68007B728E /* Release */ = {
			isa = XCBuildConfiguration;
			buildSettings = {
				BUNDLE_LOADER = "$(TEST_HOST)";
				FRAMEWORK_SEARCH_PATHS = (
					"$(SDKROOT)/Developer/Library/Frameworks",
					"$(inherited)",
				);
				INFOPLIST_FILE = DrawTriangleTests/Info.plist;
				LD_RUNPATH_SEARCH_PATHS = "$(inherited) @executable_path/Frameworks @loader_path/Frameworks";
				PRODUCT_NAME = "$(TARGET_NAME)";
				TEST_HOST = "$(BUILT_PRODUCTS_DIR)/DrawTriangle.app/DrawTriangle";
			};
			name = Release;
		};
/* End XCBuildConfiguration section */

/* Begin XCConfigurationList section */
		27CC915E1A2F6D68007B728E /* Build configuration list for PBXProject "DrawTriangle" */ = {
			isa = XCConfigurationList;
			buildConfigurations = (
				27CC91841A2F6D68007B728E /* Debug */,
				27CC91851A2F6D68007B728E /* Release */,
			);
			defaultConfigurationIsVisible = 0;
			defaultConfigurationName = Release;
		};
		27CC91861A2F6D68007B728E /* Build configuration list for PBXNativeTarget "DrawTriangle" */ = {
			isa = XCConfigurationList;
			buildConfigurations = (
				27CC91871A2F6D68007B728E /* Debug */,
				27CC91881A2F6D68007B728E /* Release */,
			);
			defaultConfigurationIsVisible = 0;
			defaultConfigurationName = Release;
		};
		27CC91891A2F6D68007B728E /* Build configuration list for PBXNativeTarget "DrawTriangleTests" */ = {
			isa = XCConfigurationList;
			buildConfigurations = (
				27CC918A1A2F6D68007B728E /* Debug */,
				27CC918B1A2F6D68007B728E /* Release */,
			);
			defaultConfigurationIsVisible = 0;
			defaultConfigurationName = Release;
		};
/* End XCConfigurationList section */
	};
	rootObject = 27CC915B1A2F6D68007B728E /* Project object */;
}
